// !$*UTF8*$!
{
	archiveVersion = 1;
	classes = {
	};
	objectVersion = 46;
	objects = {

/* Begin PBXBuildFile section */
		638A3DC517F9280E00ABD616 /* Main_iPhone.storyboard in Resources */ = {isa = PBXBuildFile; fileRef = 638A3DC417F9280E00ABD616 /* Main_iPhone.storyboard */; };
		638A3DC717F9282B00ABD616 /* Main_iPad.storyboard in Resources */ = {isa = PBXBuildFile; fileRef = 638A3DC617F9282B00ABD616 /* Main_iPad.storyboard */; };
		639C87AE17FA2EF9009D45A8 /* JMExampleView.m in Sources */ = {isa = PBXBuildFile; fileRef = 639C87AD17FA2EF9009D45A8 /* JMExampleView.m */; };
		63D00EBE17F9219C0003643B /* Foundation.framework in Frameworks */ = {isa = PBXBuildFile; fileRef = 63D00EBD17F9219C0003643B /* Foundation.framework */; };
		63D00EC017F9219C0003643B /* CoreGraphics.framework in Frameworks */ = {isa = PBXBuildFile; fileRef = 63D00EBF17F9219C0003643B /* CoreGraphics.framework */; };
		63D00EC217F9219C0003643B /* UIKit.framework in Frameworks */ = {isa = PBXBuildFile; fileRef = 63D00EC117F9219C0003643B /* UIKit.framework */; };
		63D00EC817F9219C0003643B /* InfoPlist.strings in Resources */ = {isa = PBXBuildFile; fileRef = 63D00EC617F9219C0003643B /* InfoPlist.strings */; };
		63D00ECA17F9219C0003643B /* main.m in Sources */ = {isa = PBXBuildFile; fileRef = 63D00EC917F9219C0003643B /* main.m */; };
		63D00ECE17F9219C0003643B /* JMAppDelegate.m in Sources */ = {isa = PBXBuildFile; fileRef = 63D00ECD17F9219C0003643B /* JMAppDelegate.m */; };
		63D00ED717F9219C0003643B /* JMViewController.m in Sources */ = {isa = PBXBuildFile; fileRef = 63D00ED617F9219C0003643B /* JMViewController.m */; };
		63D00ED917F9219C0003643B /* Images.xcassets in Resources */ = {isa = PBXBuildFile; fileRef = 63D00ED817F9219C0003643B /* Images.xcassets */; };
		63D00EFB17F922810003643B /* JMStyledPath.m in Sources */ = {isa = PBXBuildFile; fileRef = 63D00EF617F922810003643B /* JMStyledPath.m */; };
		63D00EFC17F922810003643B /* JMStyledPathFactory.m in Sources */ = {isa = PBXBuildFile; fileRef = 63D00EF817F922810003643B /* JMStyledPathFactory.m */; };
		63D00EFD17F922810003643B /* JMSVGParser.m in Sources */ = {isa = PBXBuildFile; fileRef = 63D00EFA17F922810003643B /* JMSVGParser.m */; };
		63D00F0017F923EB0003643B /* awesome_tiger.svg in Resources */ = {isa = PBXBuildFile; fileRef = 63D00EFF17F923EB0003643B /* awesome_tiger.svg */; };
/* End PBXBuildFile section */

/* Begin PBXFileReference section */
		638A3DC417F9280E00ABD616 /* Main_iPhone.storyboard */ = {isa = PBXFileReference; fileEncoding = 4; lastKnownFileType = file.storyboard; path = Main_iPhone.storyboard; sourceTree = "<group>"; };
		638A3DC617F9282B00ABD616 /* Main_iPad.storyboard */ = {isa = PBXFileReference; fileEncoding = 4; lastKnownFileType = file.storyboard; path = Main_iPad.storyboard; sourceTree = "<group>"; };
		639C87AC17FA2EF9009D45A8 /* JMExampleView.h */ = {isa = PBXFileReference; fileEncoding = 4; lastKnownFileType = sourcecode.c.h; path = JMExampleView.h; sourceTree = "<group>"; };
		639C87AD17FA2EF9009D45A8 /* JMExampleView.m */ = {isa = PBXFileReference; fileEncoding = 4; lastKnownFileType = sourcecode.c.objc; path = JMExampleView.m; sourceTree = "<group>"; };
		63D00EBA17F9219C0003643B /* SVGParserExample.app */ = {isa = PBXFileReference; explicitFileType = wrapper.application; includeInIndex = 0; path = SVGParserExample.app; sourceTree = BUILT_PRODUCTS_DIR; };
		63D00EBD17F9219C0003643B /* Foundation.framework */ = {isa = PBXFileReference; lastKnownFileType = wrapper.framework; name = Foundation.framework; path = System/Library/Frameworks/Foundation.framework; sourceTree = SDKROOT; };
		63D00EBF17F9219C0003643B /* CoreGraphics.framework */ = {isa = PBXFileReference; lastKnownFileType = wrapper.framework; name = CoreGraphics.framework; path = System/Library/Frameworks/CoreGraphics.framework; sourceTree = SDKROOT; };
		63D00EC117F9219C0003643B /* UIKit.framework */ = {isa = PBXFileReference; lastKnownFileType = wrapper.framework; name = UIKit.framework; path = System/Library/Frameworks/UIKit.framework; sourceTree = SDKROOT; };
		63D00EC517F9219C0003643B /* SVGParserExample-Info.plist */ = {isa = PBXFileReference; lastKnownFileType = text.plist.xml; path = "SVGParserExample-Info.plist"; sourceTree = "<group>"; };
		63D00EC717F9219C0003643B /* en */ = {isa = PBXFileReference; lastKnownFileType = text.plist.strings; name = en; path = en.lproj/InfoPlist.strings; sourceTree = "<group>"; };
		63D00EC917F9219C0003643B /* main.m */ = {isa = PBXFileReference; lastKnownFileType = sourcecode.c.objc; path = main.m; sourceTree = "<group>"; };
		63D00ECB17F9219C0003643B /* SVGParserExample-Prefix.pch */ = {isa = PBXFileReference; lastKnownFileType = sourcecode.c.h; path = "SVGParserExample-Prefix.pch"; sourceTree = "<group>"; };
		63D00ECC17F9219C0003643B /* JMAppDelegate.h */ = {isa = PBXFileReference; lastKnownFileType = sourcecode.c.h; path = JMAppDelegate.h; sourceTree = "<group>"; };
		63D00ECD17F9219C0003643B /* JMAppDelegate.m */ = {isa = PBXFileReference; lastKnownFileType = sourcecode.c.objc; path = JMAppDelegate.m; sourceTree = "<group>"; };
		63D00ED517F9219C0003643B /* JMViewController.h */ = {isa = PBXFileReference; lastKnownFileType = sourcecode.c.h; path = JMViewController.h; sourceTree = "<group>"; };
		63D00ED617F9219C0003643B /* JMViewController.m */ = {isa = PBXFileReference; lastKnownFileType = sourcecode.c.objc; path = JMViewController.m; sourceTree = "<group>"; };
		63D00ED817F9219C0003643B /* Images.xcassets */ = {isa = PBXFileReference; lastKnownFileType = folder.assetcatalog; path = Images.xcassets; sourceTree = "<group>"; };
		63D00EF517F922810003643B /* JMStyledPath.h */ = {isa = PBXFileReference; fileEncoding = 4; lastKnownFileType = sourcecode.c.h; name = JMStyledPath.h; path = JMSVGParser/JMStyledPath.h; sourceTree = "<group>"; };
		63D00EF617F922810003643B /* JMStyledPath.m */ = {isa = PBXFileReference; fileEncoding = 4; lastKnownFileType = sourcecode.c.objc; name = JMStyledPath.m; path = JMSVGParser/JMStyledPath.m; sourceTree = "<group>"; };
		63D00EF717F922810003643B /* JMStyledPathFactory.h */ = {isa = PBXFileReference; fileEncoding = 4; lastKnownFileType = sourcecode.c.h; name = JMStyledPathFactory.h; path = JMSVGParser/JMStyledPathFactory.h; sourceTree = "<group>"; };
		63D00EF817F922810003643B /* JMStyledPathFactory.m */ = {isa = PBXFileReference; fileEncoding = 4; lastKnownFileType = sourcecode.c.objc; name = JMStyledPathFactory.m; path = JMSVGParser/JMStyledPathFactory.m; sourceTree = "<group>"; };
		63D00EF917F922810003643B /* JMSVGParser.h */ = {isa = PBXFileReference; fileEncoding = 4; lastKnownFileType = sourcecode.c.h; name = JMSVGParser.h; path = JMSVGParser/JMSVGParser.h; sourceTree = "<group>"; };
		63D00EFA17F922810003643B /* JMSVGParser.m */ = {isa = PBXFileReference; fileEncoding = 4; lastKnownFileType = sourcecode.c.objc; name = JMSVGParser.m; path = JMSVGParser/JMSVGParser.m; sourceTree = "<group>"; };
		63D00EFF17F923EB0003643B /* awesome_tiger.svg */ = {isa = PBXFileReference; fileEncoding = 4; lastKnownFileType = text.xml; path = awesome_tiger.svg; sourceTree = "<group>"; };
/* End PBXFileReference section */

/* Begin PBXFrameworksBuildPhase section */
		63D00EB717F9219C0003643B /* Frameworks */ = {
			isa = PBXFrameworksBuildPhase;
			buildActionMask = 2147483647;
			files = (
				63D00EC017F9219C0003643B /* CoreGraphics.framework in Frameworks */,
				63D00EC217F9219C0003643B /* UIKit.framework in Frameworks */,
				63D00EBE17F9219C0003643B /* Foundation.framework in Frameworks */,
			);
			runOnlyForDeploymentPostprocessing = 0;
		};
/* End PBXFrameworksBuildPhase section */

/* Begin PBXGroup section */
		63D00EB117F9219C0003643B = {
			isa = PBXGroup;
			children = (
				63D00EC317F9219C0003643B /* SVGParserExample */,
				63D00EBC17F9219C0003643B /* Frameworks */,
				63D00EBB17F9219C0003643B /* Products */,
			);
			sourceTree = "<group>";
		};
		63D00EBB17F9219C0003643B /* Products */ = {
			isa = PBXGroup;
			children = (
				63D00EBA17F9219C0003643B /* SVGParserExample.app */,
			);
			name = Products;
			sourceTree = "<group>";
		};
		63D00EBC17F9219C0003643B /* Frameworks */ = {
			isa = PBXGroup;
			children = (
				63D00EBD17F9219C0003643B /* Foundation.framework */,
				63D00EBF17F9219C0003643B /* CoreGraphics.framework */,
				63D00EC117F9219C0003643B /* UIKit.framework */,
			);
			name = Frameworks;
			sourceTree = "<group>";
		};
		63D00EC317F9219C0003643B /* SVGParserExample */ = {
			isa = PBXGroup;
			children = (
				63D00EFE17F9228F0003643B /* JMSVGParser */,
				63D00EFF17F923EB0003643B /* awesome_tiger.svg */,
				63D00ECC17F9219C0003643B /* JMAppDelegate.h */,
				63D00ECD17F9219C0003643B /* JMAppDelegate.m */,
				639C87AC17FA2EF9009D45A8 /* JMExampleView.h */,
				639C87AD17FA2EF9009D45A8 /* JMExampleView.m */,
				63D00ED517F9219C0003643B /* JMViewController.h */,
				63D00ED617F9219C0003643B /* JMViewController.m */,
				638A3DC417F9280E00ABD616 /* Main_iPhone.storyboard */,
				638A3DC617F9282B00ABD616 /* Main_iPad.storyboard */,
				63D00ED817F9219C0003643B /* Images.xcassets */,
				63D00EC417F9219C0003643B /* Supporting Files */,
			);
			path = SVGParserExample;
			sourceTree = "<group>";
		};
		63D00EC417F9219C0003643B /* Supporting Files */ = {
			isa = PBXGroup;
			children = (
				63D00EC517F9219C0003643B /* SVGParserExample-Info.plist */,
				63D00EC617F9219C0003643B /* InfoPlist.strings */,
				63D00EC917F9219C0003643B /* main.m */,
				63D00ECB17F9219C0003643B /* SVGParserExample-Prefix.pch */,
			);
			name = "Supporting Files";
			sourceTree = "<group>";
		};
		63D00EFE17F9228F0003643B /* JMSVGParser */ = {
			isa = PBXGroup;
			children = (
				63D00EF917F922810003643B /* JMSVGParser.h */,
				63D00EFA17F922810003643B /* JMSVGParser.m */,
				63D00EF517F922810003643B /* JMStyledPath.h */,
				63D00EF617F922810003643B /* JMStyledPath.m */,
				63D00EF717F922810003643B /* JMStyledPathFactory.h */,
				63D00EF817F922810003643B /* JMStyledPathFactory.m */,
			);
			name = JMSVGParser;
			sourceTree = "<group>";
		};
/* End PBXGroup section */

/* Begin PBXNativeTarget section */
		63D00EB917F9219C0003643B /* SVGParserExample */ = {
			isa = PBXNativeTarget;
			buildConfigurationList = 63D00EEF17F9219C0003643B /* Build configuration list for PBXNativeTarget "SVGParserExample" */;
			buildPhases = (
				63D00EB617F9219C0003643B /* Sources */,
				63D00EB717F9219C0003643B /* Frameworks */,
				63D00EB817F9219C0003643B /* Resources */,
			);
			buildRules = (
			);
			dependencies = (
			);
			name = SVGParserExample;
			productName = SVGParserExample;
			productReference = 63D00EBA17F9219C0003643B /* SVGParserExample.app */;
			productType = "com.apple.product-type.application";
		};
/* End PBXNativeTarget section */

/* Begin PBXProject section */
		63D00EB217F9219C0003643B /* Project object */ = {
			isa = PBXProject;
			attributes = {
				CLASSPREFIX = JM;
				LastUpgradeCheck = 0500;
				ORGANIZATIONNAME = "Jeff Menter";
				TargetAttributes = {
					63D00EB917F9219C0003643B = {
						DevelopmentTeam = H8KMXW4VV4;
					};
				};
			};
			buildConfigurationList = 63D00EB517F9219C0003643B /* Build configuration list for PBXProject "SVGParserExample" */;
			compatibilityVersion = "Xcode 3.2";
			developmentRegion = English;
			hasScannedForEncodings = 0;
			knownRegions = (
				en,
				Base,
			);
			mainGroup = 63D00EB117F9219C0003643B;
			productRefGroup = 63D00EBB17F9219C0003643B /* Products */;
			projectDirPath = "";
			projectRoot = "";
			targets = (
				63D00EB917F9219C0003643B /* SVGParserExample */,
			);
		};
/* End PBXProject section */

/* Begin PBXResourcesBuildPhase section */
		63D00EB817F9219C0003643B /* Resources */ = {
			isa = PBXResourcesBuildPhase;
			buildActionMask = 2147483647;
			files = (
				638A3DC717F9282B00ABD616 /* Main_iPad.storyboard in Resources */,
				63D00ED917F9219C0003643B /* Images.xcassets in Resources */,
				638A3DC517F9280E00ABD616 /* Main_iPhone.storyboard in Resources */,
				63D00F0017F923EB0003643B /* awesome_tiger.svg in Resources */,
				63D00EC817F9219C0003643B /* InfoPlist.strings in Resources */,
			);
			runOnlyForDeploymentPostprocessing = 0;
		};
/* End PBXResourcesBuildPhase section */

/* Begin PBXSourcesBuildPhase section */
		63D00EB617F9219C0003643B /* Sources */ = {
			isa = PBXSourcesBuildPhase;
			buildActionMask = 2147483647;
			files = (
				63D00EFD17F922810003643B /* JMSVGParser.m in Sources */,
				63D00EFC17F922810003643B /* JMStyledPathFactory.m in Sources */,
				63D00ECA17F9219C0003643B /* main.m in Sources */,
				63D00ED717F9219C0003643B /* JMViewController.m in Sources */,
				63D00EFB17F922810003643B /* JMStyledPath.m in Sources */,
				639C87AE17FA2EF9009D45A8 /* JMExampleView.m in Sources */,
				63D00ECE17F9219C0003643B /* JMAppDelegate.m in Sources */,
			);
			runOnlyForDeploymentPostprocessing = 0;
		};
/* End PBXSourcesBuildPhase section */

/* Begin PBXVariantGroup section */
		63D00EC617F9219C0003643B /* InfoPlist.strings */ = {
			isa = PBXVariantGroup;
			children = (
				63D00EC717F9219C0003643B /* en */,
			);
			name = InfoPlist.strings;
			sourceTree = "<group>";
		};
/* End PBXVariantGroup section */

/* Begin XCBuildConfiguration section */
		63D00EED17F9219C0003643B /* Debug */ = {
			isa = XCBuildConfiguration;
			buildSettings = {
				ALWAYS_SEARCH_USER_PATHS = NO;
				ARCHS = "$(ARCHS_STANDARD)";
				CLANG_CXX_LANGUAGE_STANDARD = "gnu++0x";
				CLANG_CXX_LIBRARY = "libc++";
				CLANG_ENABLE_MODULES = YES;
				CLANG_ENABLE_OBJC_ARC = YES;
				CLANG_WARN_BOOL_CONVERSION = YES;
				CLANG_WARN_CONSTANT_CONVERSION = YES;
				CLANG_WARN_DIRECT_OBJC_ISA_USAGE = YES_ERROR;
				CLANG_WARN_EMPTY_BODY = YES;
				CLANG_WARN_ENUM_CONVERSION = YES;
				CLANG_WARN_INT_CONVERSION = YES;
				CLANG_WARN_OBJC_ROOT_CLASS = YES_ERROR;
				CLANG_WARN__DUPLICATE_METHOD_MATCH = YES;
				CODE_SIGN_IDENTITY = "iPhone Developer: Jeff Menter (T6K44Z57X5)";
				"CODE_SIGN_IDENTITY[sdk=iphoneos*]" = "iPhone Developer: Jeff Menter (T6K44Z57X5)";
				COPY_PHASE_STRIP = NO;
				GCC_C_LANGUAGE_STANDARD = gnu99;
				GCC_DYNAMIC_NO_PIC = NO;
				GCC_OPTIMIZATION_LEVEL = 0;
				GCC_PREPROCESSOR_DEFINITIONS = (
					"DEBUG=1",
					"$(inherited)",
				);
				GCC_SYMBOLS_PRIVATE_EXTERN = NO;
				GCC_WARN_64_TO_32_BIT_CONVERSION = YES;
				GCC_WARN_ABOUT_RETURN_TYPE = YES_ERROR;
				GCC_WARN_UNDECLARED_SELECTOR = YES;
				GCC_WARN_UNINITIALIZED_AUTOS = YES;
				GCC_WARN_UNUSED_FUNCTION = YES;
				GCC_WARN_UNUSED_VARIABLE = YES;
				IPHONEOS_DEPLOYMENT_TARGET = 5.0;
				ONLY_ACTIVE_ARCH = YES;
				PROVISIONING_PROFILE = "0966D005-A16C-4B27-85EF-AB91BE686B41";
				SDKROOT = iphoneos;
				TARGETED_DEVICE_FAMILY = "1,2";
			};
			name = Debug;
		};
		63D00EEE17F9219C0003643B /* Release */ = {
			isa = XCBuildConfiguration;
			buildSettings = {
				ALWAYS_SEARCH_USER_PATHS = NO;
				ARCHS = "$(ARCHS_STANDARD)";
				CLANG_CXX_LANGUAGE_STANDARD = "gnu++0x";
				CLANG_CXX_LIBRARY = "libc++";
				CLANG_ENABLE_MODULES = YES;
				CLANG_ENABLE_OBJC_ARC = YES;
				CLANG_WARN_BOOL_CONVERSION = YES;
				CLANG_WARN_CONSTANT_CONVERSION = YES;
				CLANG_WARN_DIRECT_OBJC_ISA_USAGE = YES_ERROR;
				CLANG_WARN_EMPTY_BODY = YES;
				CLANG_WARN_ENUM_CONVERSION = YES;
				CLANG_WARN_INT_CONVERSION = YES;
				CLANG_WARN_OBJC_ROOT_CLASS = YES_ERROR;
				CLANG_WARN__DUPLICATE_METHOD_MATCH = YES;
				CODE_SIGN_IDENTITY = "iPhone Developer: Jeff Menter (T6K44Z57X5)";
				"CODE_SIGN_IDENTITY[sdk=iphoneos*]" = "iPhone Developer: Jeff Menter (T6K44Z57X5)";
				COPY_PHASE_STRIP = YES;
				ENABLE_NS_ASSERTIONS = NO;
				GCC_C_LANGUAGE_STANDARD = gnu99;
				GCC_WARN_64_TO_32_BIT_CONVERSION = YES;
				GCC_WARN_ABOUT_RETURN_TYPE = YES_ERROR;
				GCC_WARN_UNDECLARED_SELECTOR = YES;
				GCC_WARN_UNINITIALIZED_AUTOS = YES;
				GCC_WARN_UNUSED_FUNCTION = YES;
				GCC_WARN_UNUSED_VARIABLE = YES;
				IPHONEOS_DEPLOYMENT_TARGET = 5.0;
				PROVISIONING_PROFILE = "0966D005-A16C-4B27-85EF-AB91BE686B41";
				SDKROOT = iphoneos;
				TARGETED_DEVICE_FAMILY = "1,2";
				VALIDATE_PRODUCT = YES;
			};
			name = Release;
		};
		63D00EF017F9219C0003643B /* Debug */ = {
			isa = XCBuildConfiguration;
			buildSettings = {
				ASSETCATALOG_COMPILER_APPICON_NAME = AppIcon;
				ASSETCATALOG_COMPILER_LAUNCHIMAGE_NAME = LaunchImage;
				CODE_SIGN_IDENTITY = "iPhone Developer";
				"CODE_SIGN_IDENTITY[sdk=iphoneos*]" = "iPhone Developer";
				GCC_PRECOMPILE_PREFIX_HEADER = YES;
				GCC_PREFIX_HEADER = "SVGParserExample/SVGParserExample-Prefix.pch";
				INFOPLIST_FILE = "SVGParserExample/SVGParserExample-Info.plist";
				PRODUCT_NAME = "$(TARGET_NAME)";
				PROVISIONING_PROFILE = "";
				WRAPPER_EXTENSION = app;
			};
			name = Debug;
		};
		63D00EF117F9219C0003643B /* Release */ = {
			isa = XCBuildConfiguration;
			buildSettings = {
				ASSETCATALOG_COMPILER_APPICON_NAME = AppIcon;
				ASSETCATALOG_COMPILER_LAUNCHIMAGE_NAME = LaunchImage;
				CODE_SIGN_IDENTITY = "iPhone Developer";
				"CODE_SIGN_IDENTITY[sdk=iphoneos*]" = "iPhone Developer";
				GCC_PRECOMPILE_PREFIX_HEADER = YES;
				GCC_PREFIX_HEADER = "SVGParserExample/SVGParserExample-Prefix.pch";
				INFOPLIST_FILE = "SVGParserExample/SVGParserExample-Info.plist";
				PRODUCT_NAME = "$(TARGET_NAME)";
				PROVISIONING_PROFILE = "";
				WRAPPER_EXTENSION = app;
			};
			name = Release;
		};
/* End XCBuildConfiguration section */

/* Begin XCConfigurationList section */
		63D00EB517F9219C0003643B /* Build configuration list for PBXProject "SVGParserExample" */ = {
			isa = XCConfigurationList;
			buildConfigurations = (
				63D00EED17F9219C0003643B /* Debug */,
				63D00EEE17F9219C0003643B /* Release */,
			);
			defaultConfigurationIsVisible = 0;
			defaultConfigurationName = Release;
		};
		63D00EEF17F9219C0003643B /* Build configuration list for PBXNativeTarget "SVGParserExample" */ = {
			isa = XCConfigurationList;
			buildConfigurations = (
				63D00EF017F9219C0003643B /* Debug */,
				63D00EF117F9219C0003643B /* Release */,
			);
			defaultConfigurationIsVisible = 0;
			defaultConfigurationName = Release;
		};
/* End XCConfigurationList section */
	};
	rootObject = 63D00EB217F9219C0003643B /* Project object */;
}
